
Microsoft Visual Studio Solution File, Format Version 12.00
# Visual Studio Version 17
VisualStudioVersion = 17.3.32929.385
MinimumVisualStudioVersion = 10.0.40219.1
Project("{FAE04EC0-301F-11D3-BF4B-00C04F79EFBC}") = "menus", "menus\menus.csproj", "{A638F89F-1F94-451E-9F5E-95F3BF096BBD}"
EndProject
Global
	GlobalSection(SolutionConfigurationPlatforms) = preSolution
		Debug|Any CPU = Debug|Any CPU
		Release|Any CPU = Release|Any CPU
	EndGlobalSection
	GlobalSection(ProjectConfigurationPlatforms) = postSolution
		{A638F89F-1F94-451E-9F5E-95F3BF096BBD}.Debug|Any CPU.ActiveCfg = Debug|Any CPU
		{A638F89F-1F94-451E-9F5E-95F3BF096BBD}.Debug|Any CPU.Build.0 = Debug|Any CPU
		{A638F89F-1F94-451E-9F5E-95F3BF096BBD}.Release|Any CPU.ActiveCfg = Release|Any CPU
		{A638F89F-1F94-451E-9F5E-95F3BF096BBD}.Release|Any CPU.Build.0 = Release|Any CPU
	EndGlobalSection
	GlobalSection(SolutionProperties) = preSolution
		HideSolutionNode = FALSE
	EndGlobalSection
	GlobalSection(ExtensibilityGlobals) = postSolution
		SolutionGuid = {FD2E2388-39AB-4B7D-BCC1-D6310B6DE546}
	EndGlobalSection
EndGlobal
