
Microsoft Visual Studio Solution File, Format Version 12.00
# Visual Studio Version 17
VisualStudioVersion = 17.3.32929.385
MinimumVisualStudioVersion = 10.0.40219.1
Project("{9A19103F-16F7-4668-BE54-9A1E7A4F7556}") = "Ejercicios 1-2-3", "Ejercicios 1-2-3\Ejercicios 1-2-3.csproj", "{010DDBF1-2D81-41AA-80F5-EB62F0328E8E}"
EndProject
Project("{FAE04EC0-301F-11D3-BF4B-00C04F79EFBC}") = "string_2", "string_2\string_2.csproj", "{2CC346E7-6B8A-4F9E-8DF6-6968E340284B}"
EndProject
Project("{FAE04EC0-301F-11D3-BF4B-00C04F79EFBC}") = "string_3", "string_3\string_3.csproj", "{62492E73-9E0B-4E1E-BC47-6C8DD59E9700}"
EndProject
Global
	GlobalSection(SolutionConfigurationPlatforms) = preSolution
		Debug|Any CPU = Debug|Any CPU
		Release|Any CPU = Release|Any CPU
	EndGlobalSection
	GlobalSection(ProjectConfigurationPlatforms) = postSolution
		{010DDBF1-2D81-41AA-80F5-EB62F0328E8E}.Debug|Any CPU.ActiveCfg = Debug|Any CPU
		{010DDBF1-2D81-41AA-80F5-EB62F0328E8E}.Debug|Any CPU.Build.0 = Debug|Any CPU
		{010DDBF1-2D81-41AA-80F5-EB62F0328E8E}.Release|Any CPU.ActiveCfg = Release|Any CPU
		{010DDBF1-2D81-41AA-80F5-EB62F0328E8E}.Release|Any CPU.Build.0 = Release|Any CPU
		{2CC346E7-6B8A-4F9E-8DF6-6968E340284B}.Debug|Any CPU.ActiveCfg = Debug|Any CPU
		{2CC346E7-6B8A-4F9E-8DF6-6968E340284B}.Debug|Any CPU.Build.0 = Debug|Any CPU
		{2CC346E7-6B8A-4F9E-8DF6-6968E340284B}.Release|Any CPU.ActiveCfg = Release|Any CPU
		{2CC346E7-6B8A-4F9E-8DF6-6968E340284B}.Release|Any CPU.Build.0 = Release|Any CPU
		{62492E73-9E0B-4E1E-BC47-6C8DD59E9700}.Debug|Any CPU.ActiveCfg = Debug|Any CPU
		{62492E73-9E0B-4E1E-BC47-6C8DD59E9700}.Debug|Any CPU.Build.0 = Debug|Any CPU
		{62492E73-9E0B-4E1E-BC47-6C8DD59E9700}.Release|Any CPU.ActiveCfg = Release|Any CPU
		{62492E73-9E0B-4E1E-BC47-6C8DD59E9700}.Release|Any CPU.Build.0 = Release|Any CPU
	EndGlobalSection
	GlobalSection(SolutionProperties) = preSolution
		HideSolutionNode = FALSE
	EndGlobalSection
	GlobalSection(ExtensibilityGlobals) = postSolution
		SolutionGuid = {CE4AB055-B0EA-4B42-AC0E-FB631D91F53B}
	EndGlobalSection
EndGlobal
